
Microsoft Visual Studio Solution File, Format Version 12.00
# Visual Studio Version 16
VisualStudioVersion = 16.0.29020.237
MinimumVisualStudioVersion = 10.0.40219.1
Project("{8BC9CEB8-8B4A-11D0-8D11-00A0C91BC942}") = "NetworkStack", "NetworkStack.vcxproj", "{8E15CC7D-2A5E-4558-BD48-BD53A0403D8D}"
EndProject
Project("{8BC9CEB8-8B4A-11D0-8D11-00A0C91BC942}") = "PhysicalLayer", "..\PhysicalLayer\PhysicalLayer.vcxproj", "{C160BD48-CBDB-4B14-A199-F9B6D6A8E75A}"
EndProject
Project("{8BC9CEB8-8B4A-11D0-8D11-00A0C91BC942}") = "DataLinkLayer", "..\DataLinkLayer\DataLinkLayer.vcxproj", "{7D675626-0D12-43D0-B8A5-BD950A1D784E}"
EndProject
Project("{8BC9CEB8-8B4A-11D0-8D11-00A0C91BC942}") = "NetworkLayer", "..\NetworkLayer\NetworkLayer.vcxproj", "{4BB1D58E-1401-411C-8108-9DB124729481}"
EndProject
Project("{8BC9CEB8-8B4A-11D0-8D11-00A0C91BC942}") = "TransportLayer", "..\TransportLayer\TransportLayer.vcxproj", "{5A363D39-48AA-4B51-AF92-E0E25D8F53DF}"
EndProject
Project("{8BC9CEB8-8B4A-11D0-8D11-00A0C91BC942}") = "SessionLayer", "..\SessionLayer\SessionLayer.vcxproj", "{7037633C-E910-43D6-8C44-BD58A0682E7B}"
EndProject
Project("{8BC9CEB8-8B4A-11D0-8D11-00A0C91BC942}") = "PresentationLayer", "..\PresentationLayer\PresentationLayer.vcxproj", "{64C242F8-15A8-4C94-8D1C-E48B715B13B7}"
EndProject
Project("{8BC9CEB8-8B4A-11D0-8D11-00A0C91BC942}") = "ApplicationLayer", "..\ApplicationLayer\ApplicationLayer.vcxproj", "{B9719AEC-D53E-43D3-9425-43E7C89616C4}"
EndProject
Project("{8BC9CEB8-8B4A-11D0-8D11-00A0C91BC942}") = "PhysicalLayerImp", "..\PhysicalLayerImp\PhysicalLayerImp.vcxproj", "{89B97A2A-0BD4-4ABD-8535-2D1F8154C506}"
EndProject
Project("{8BC9CEB8-8B4A-11D0-8D11-00A0C91BC942}") = "DataLinkLayerImp", "..\DataLinkLayerImp\DataLinkLayerImp.vcxproj", "{03D160E3-6A0B-4731-962F-205BDFE628FE}"
EndProject
Project("{8BC9CEB8-8B4A-11D0-8D11-00A0C91BC942}") = "NetworkLayerImp", "..\NetworkLayerImp\NetworkLayerImp.vcxproj", "{561F5B77-6092-4B31-AAF8-11C32EDE4B78}"
EndProject
Project("{8BC9CEB8-8B4A-11D0-8D11-00A0C91BC942}") = "TransportLayerImp", "..\TransportLayerImp\TransportLayerImp.vcxproj", "{E9696A44-4661-4197-9D76-03C56E487570}"
EndProject
Project("{8BC9CEB8-8B4A-11D0-8D11-00A0C91BC942}") = "SessionLayerImp", "..\SessionLayerImp\SessionLayerImp.vcxproj", "{9BDDABC6-797C-4B74-859B-1317B5EECF1E}"
EndProject
Project("{8BC9CEB8-8B4A-11D0-8D11-00A0C91BC942}") = "PresentationLayerImp", "..\PresentationLayerImp\PresentationLayerImp.vcxproj", "{4E38E3B5-F988-4F4A-BCC3-E5C4DD46DA27}"
EndProject
Project("{8BC9CEB8-8B4A-11D0-8D11-00A0C91BC942}") = "ApplicationLayerImp", "..\ApplicationLayerImp\ApplicationLayerImp.vcxproj", "{7ABCDB34-589E-411D-A15D-6BFF4DC4B777}"
EndProject
Project("{2150E333-8FDC-42A3-9474-1A3956D46DE8}") = "Imp", "Imp", "{6B5E5293-B784-4D4D-B7C2-3F2B15EE049F}"
EndProject
Project("{2150E333-8FDC-42A3-9474-1A3956D46DE8}") = "Layer", "Layer", "{45BC81D6-D05A-4CA3-8812-4E82A0B57665}"
EndProject
Global
	GlobalSection(SolutionConfigurationPlatforms) = preSolution
		Debug|x64 = Debug|x64
		Debug|x86 = Debug|x86
		Release|x64 = Release|x64
		Release|x86 = Release|x86
	EndGlobalSection
	GlobalSection(ProjectConfigurationPlatforms) = postSolution
		{8E15CC7D-2A5E-4558-BD48-BD53A0403D8D}.Debug|x64.ActiveCfg = Debug|x64
		{8E15CC7D-2A5E-4558-BD48-BD53A0403D8D}.Debug|x64.Build.0 = Debug|x64
		{8E15CC7D-2A5E-4558-BD48-BD53A0403D8D}.Debug|x86.ActiveCfg = Debug|Win32
		{8E15CC7D-2A5E-4558-BD48-BD53A0403D8D}.Debug|x86.Build.0 = Debug|Win32
		{8E15CC7D-2A5E-4558-BD48-BD53A0403D8D}.Release|x64.ActiveCfg = Release|x64
		{8E15CC7D-2A5E-4558-BD48-BD53A0403D8D}.Release|x64.Build.0 = Release|x64
		{8E15CC7D-2A5E-4558-BD48-BD53A0403D8D}.Release|x86.ActiveCfg = Release|Win32
		{8E15CC7D-2A5E-4558-BD48-BD53A0403D8D}.Release|x86.Build.0 = Release|Win32
		{C160BD48-CBDB-4B14-A199-F9B6D6A8E75A}.Debug|x64.ActiveCfg = Debug|x64
		{C160BD48-CBDB-4B14-A199-F9B6D6A8E75A}.Debug|x64.Build.0 = Debug|x64
		{C160BD48-CBDB-4B14-A199-F9B6D6A8E75A}.Debug|x86.ActiveCfg = Debug|Win32
		{C160BD48-CBDB-4B14-A199-F9B6D6A8E75A}.Debug|x86.Build.0 = Debug|Win32
		{C160BD48-CBDB-4B14-A199-F9B6D6A8E75A}.Release|x64.ActiveCfg = Release|x64
		{C160BD48-CBDB-4B14-A199-F9B6D6A8E75A}.Release|x64.Build.0 = Release|x64
		{C160BD48-CBDB-4B14-A199-F9B6D6A8E75A}.Release|x86.ActiveCfg = Release|Win32
		{C160BD48-CBDB-4B14-A199-F9B6D6A8E75A}.Release|x86.Build.0 = Release|Win32
		{7D675626-0D12-43D0-B8A5-BD950A1D784E}.Debug|x64.ActiveCfg = Debug|x64
		{7D675626-0D12-43D0-B8A5-BD950A1D784E}.Debug|x64.Build.0 = Debug|x64
		{7D675626-0D12-43D0-B8A5-BD950A1D784E}.Debug|x86.ActiveCfg = Debug|Win32
		{7D675626-0D12-43D0-B8A5-BD950A1D784E}.Debug|x86.Build.0 = Debug|Win32
		{7D675626-0D12-43D0-B8A5-BD950A1D784E}.Release|x64.ActiveCfg = Release|x64
		{7D675626-0D12-43D0-B8A5-BD950A1D784E}.Release|x64.Build.0 = Release|x64
		{7D675626-0D12-43D0-B8A5-BD950A1D784E}.Release|x86.ActiveCfg = Release|Win32
		{7D675626-0D12-43D0-B8A5-BD950A1D784E}.Release|x86.Build.0 = Release|Win32
		{4BB1D58E-1401-411C-8108-9DB124729481}.Debug|x64.ActiveCfg = Debug|x64
		{4BB1D58E-1401-411C-8108-9DB124729481}.Debug|x64.Build.0 = Debug|x64
		{4BB1D58E-1401-411C-8108-9DB124729481}.Debug|x86.ActiveCfg = Debug|Win32
		{4BB1D58E-1401-411C-8108-9DB124729481}.Debug|x86.Build.0 = Debug|Win32
		{4BB1D58E-1401-411C-8108-9DB124729481}.Release|x64.ActiveCfg = Release|x64
		{4BB1D58E-1401-411C-8108-9DB124729481}.Release|x64.Build.0 = Release|x64
		{4BB1D58E-1401-411C-8108-9DB124729481}.Release|x86.ActiveCfg = Release|Win32
		{4BB1D58E-1401-411C-8108-9DB124729481}.Release|x86.Build.0 = Release|Win32
		{5A363D39-48AA-4B51-AF92-E0E25D8F53DF}.Debug|x64.ActiveCfg = Debug|x64
		{5A363D39-48AA-4B51-AF92-E0E25D8F53DF}.Debug|x64.Build.0 = Debug|x64
		{5A363D39-48AA-4B51-AF92-E0E25D8F53DF}.Debug|x86.ActiveCfg = Debug|Win32
		{5A363D39-48AA-4B51-AF92-E0E25D8F53DF}.Debug|x86.Build.0 = Debug|Win32
		{5A363D39-48AA-4B51-AF92-E0E25D8F53DF}.Release|x64.ActiveCfg = Release|x64
		{5A363D39-48AA-4B51-AF92-E0E25D8F53DF}.Release|x64.Build.0 = Release|x64
		{5A363D39-48AA-4B51-AF92-E0E25D8F53DF}.Release|x86.ActiveCfg = Release|Win32
		{5A363D39-48AA-4B51-AF92-E0E25D8F53DF}.Release|x86.Build.0 = Release|Win32
		{7037633C-E910-43D6-8C44-BD58A0682E7B}.Debug|x64.ActiveCfg = Debug|x64
		{7037633C-E910-43D6-8C44-BD58A0682E7B}.Debug|x64.Build.0 = Debug|x64
		{7037633C-E910-43D6-8C44-BD58A0682E7B}.Debug|x86.ActiveCfg = Debug|Win32
		{7037633C-E910-43D6-8C44-BD58A0682E7B}.Debug|x86.Build.0 = Debug|Win32
		{7037633C-E910-43D6-8C44-BD58A0682E7B}.Release|x64.ActiveCfg = Release|x64
		{7037633C-E910-43D6-8C44-BD58A0682E7B}.Release|x64.Build.0 = Release|x64
		{7037633C-E910-43D6-8C44-BD58A0682E7B}.Release|x86.ActiveCfg = Release|Win32
		{7037633C-E910-43D6-8C44-BD58A0682E7B}.Release|x86.Build.0 = Release|Win32
		{64C242F8-15A8-4C94-8D1C-E48B715B13B7}.Debug|x64.ActiveCfg = Debug|x64
		{64C242F8-15A8-4C94-8D1C-E48B715B13B7}.Debug|x64.Build.0 = Debug|x64
		{64C242F8-15A8-4C94-8D1C-E48B715B13B7}.Debug|x86.ActiveCfg = Debug|Win32
		{64C242F8-15A8-4C94-8D1C-E48B715B13B7}.Debug|x86.Build.0 = Debug|Win32
		{64C242F8-15A8-4C94-8D1C-E48B715B13B7}.Release|x64.ActiveCfg = Release|x64
		{64C242F8-15A8-4C94-8D1C-E48B715B13B7}.Release|x64.Build.0 = Release|x64
		{64C242F8-15A8-4C94-8D1C-E48B715B13B7}.Release|x86.ActiveCfg = Release|Win32
		{64C242F8-15A8-4C94-8D1C-E48B715B13B7}.Release|x86.Build.0 = Release|Win32
		{B9719AEC-D53E-43D3-9425-43E7C89616C4}.Debug|x64.ActiveCfg = Debug|x64
		{B9719AEC-D53E-43D3-9425-43E7C89616C4}.Debug|x64.Build.0 = Debug|x64
		{B9719AEC-D53E-43D3-9425-43E7C89616C4}.Debug|x86.ActiveCfg = Debug|Win32
		{B9719AEC-D53E-43D3-9425-43E7C89616C4}.Debug|x86.Build.0 = Debug|Win32
		{B9719AEC-D53E-43D3-9425-43E7C89616C4}.Release|x64.ActiveCfg = Release|x64
		{B9719AEC-D53E-43D3-9425-43E7C89616C4}.Release|x64.Build.0 = Release|x64
		{B9719AEC-D53E-43D3-9425-43E7C89616C4}.Release|x86.ActiveCfg = Release|Win32
		{B9719AEC-D53E-43D3-9425-43E7C89616C4}.Release|x86.Build.0 = Release|Win32
		{89B97A2A-0BD4-4ABD-8535-2D1F8154C506}.Debug|x64.ActiveCfg = Debug|x64
		{89B97A2A-0BD4-4ABD-8535-2D1F8154C506}.Debug|x64.Build.0 = Debug|x64
		{89B97A2A-0BD4-4ABD-8535-2D1F8154C506}.Debug|x86.ActiveCfg = Debug|Win32
		{89B97A2A-0BD4-4ABD-8535-2D1F8154C506}.Debug|x86.Build.0 = Debug|Win32
		{89B97A2A-0BD4-4ABD-8535-2D1F8154C506}.Release|x64.ActiveCfg = Release|x64
		{89B97A2A-0BD4-4ABD-8535-2D1F8154C506}.Release|x64.Build.0 = Release|x64
		{89B97A2A-0BD4-4ABD-8535-2D1F8154C506}.Release|x86.ActiveCfg = Release|Win32
		{89B97A2A-0BD4-4ABD-8535-2D1F8154C506}.Release|x86.Build.0 = Release|Win32
		{03D160E3-6A0B-4731-962F-205BDFE628FE}.Debug|x64.ActiveCfg = Debug|x64
		{03D160E3-6A0B-4731-962F-205BDFE628FE}.Debug|x64.Build.0 = Debug|x64
		{03D160E3-6A0B-4731-962F-205BDFE628FE}.Debug|x86.ActiveCfg = Debug|Win32
		{03D160E3-6A0B-4731-962F-205BDFE628FE}.Debug|x86.Build.0 = Debug|Win32
		{03D160E3-6A0B-4731-962F-205BDFE628FE}.Release|x64.ActiveCfg = Release|x64
		{03D160E3-6A0B-4731-962F-205BDFE628FE}.Release|x64.Build.0 = Release|x64
		{03D160E3-6A0B-4731-962F-205BDFE628FE}.Release|x86.ActiveCfg = Release|Win32
		{03D160E3-6A0B-4731-962F-205BDFE628FE}.Release|x86.Build.0 = Release|Win32
		{561F5B77-6092-4B31-AAF8-11C32EDE4B78}.Debug|x64.ActiveCfg = Debug|x64
		{561F5B77-6092-4B31-AAF8-11C32EDE4B78}.Debug|x64.Build.0 = Debug|x64
		{561F5B77-6092-4B31-AAF8-11C32EDE4B78}.Debug|x86.ActiveCfg = Debug|Win32
		{561F5B77-6092-4B31-AAF8-11C32EDE4B78}.Debug|x86.Build.0 = Debug|Win32
		{561F5B77-6092-4B31-AAF8-11C32EDE4B78}.Release|x64.ActiveCfg = Release|x64
		{561F5B77-6092-4B31-AAF8-11C32EDE4B78}.Release|x64.Build.0 = Release|x64
		{561F5B77-6092-4B31-AAF8-11C32EDE4B78}.Release|x86.ActiveCfg = Release|Win32
		{561F5B77-6092-4B31-AAF8-11C32EDE4B78}.Release|x86.Build.0 = Release|Win32
		{E9696A44-4661-4197-9D76-03C56E487570}.Debug|x64.ActiveCfg = Debug|x64
		{E9696A44-4661-4197-9D76-03C56E487570}.Debug|x64.Build.0 = Debug|x64
		{E9696A44-4661-4197-9D76-03C56E487570}.Debug|x86.ActiveCfg = Debug|Win32
		{E9696A44-4661-4197-9D76-03C56E487570}.Debug|x86.Build.0 = Debug|Win32
		{E9696A44-4661-4197-9D76-03C56E487570}.Release|x64.ActiveCfg = Release|x64
		{E9696A44-4661-4197-9D76-03C56E487570}.Release|x64.Build.0 = Release|x64
		{E9696A44-4661-4197-9D76-03C56E487570}.Release|x86.ActiveCfg = Release|Win32
		{E9696A44-4661-4197-9D76-03C56E487570}.Release|x86.Build.0 = Release|Win32
		{9BDDABC6-797C-4B74-859B-1317B5EECF1E}.Debug|x64.ActiveCfg = Debug|x64
		{9BDDABC6-797C-4B74-859B-1317B5EECF1E}.Debug|x64.Build.0 = Debug|x64
		{9BDDABC6-797C-4B74-859B-1317B5EECF1E}.Debug|x86.ActiveCfg = Debug|Win32
		{9BDDABC6-797C-4B74-859B-1317B5EECF1E}.Debug|x86.Build.0 = Debug|Win32
		{9BDDABC6-797C-4B74-859B-1317B5EECF1E}.Release|x64.ActiveCfg = Release|x64
		{9BDDABC6-797C-4B74-859B-1317B5EECF1E}.Release|x64.Build.0 = Release|x64
		{9BDDABC6-797C-4B74-859B-1317B5EECF1E}.Release|x86.ActiveCfg = Release|Win32
		{9BDDABC6-797C-4B74-859B-1317B5EECF1E}.Release|x86.Build.0 = Release|Win32
		{4E38E3B5-F988-4F4A-BCC3-E5C4DD46DA27}.Debug|x64.ActiveCfg = Debug|x64
		{4E38E3B5-F988-4F4A-BCC3-E5C4DD46DA27}.Debug|x64.Build.0 = Debug|x64
		{4E38E3B5-F988-4F4A-BCC3-E5C4DD46DA27}.Debug|x86.ActiveCfg = Debug|Win32
		{4E38E3B5-F988-4F4A-BCC3-E5C4DD46DA27}.Debug|x86.Build.0 = Debug|Win32
		{4E38E3B5-F988-4F4A-BCC3-E5C4DD46DA27}.Release|x64.ActiveCfg = Release|x64
		{4E38E3B5-F988-4F4A-BCC3-E5C4DD46DA27}.Release|x64.Build.0 = Release|x64
		{4E38E3B5-F988-4F4A-BCC3-E5C4DD46DA27}.Release|x86.ActiveCfg = Release|Win32
		{4E38E3B5-F988-4F4A-BCC3-E5C4DD46DA27}.Release|x86.Build.0 = Release|Win32
		{7ABCDB34-589E-411D-A15D-6BFF4DC4B777}.Debug|x64.ActiveCfg = Debug|x64
		{7ABCDB34-589E-411D-A15D-6BFF4DC4B777}.Debug|x64.Build.0 = Debug|x64
		{7ABCDB34-589E-411D-A15D-6BFF4DC4B777}.Debug|x86.ActiveCfg = Debug|Win32
		{7ABCDB34-589E-411D-A15D-6BFF4DC4B777}.Debug|x86.Build.0 = Debug|Win32
		{7ABCDB34-589E-411D-A15D-6BFF4DC4B777}.Release|x64.ActiveCfg = Release|x64
		{7ABCDB34-589E-411D-A15D-6BFF4DC4B777}.Release|x64.Build.0 = Release|x64
		{7ABCDB34-589E-411D-A15D-6BFF4DC4B777}.Release|x86.ActiveCfg = Release|Win32
		{7ABCDB34-589E-411D-A15D-6BFF4DC4B777}.Release|x86.Build.0 = Release|Win32
	EndGlobalSection
	GlobalSection(SolutionProperties) = preSolution
		HideSolutionNode = FALSE
	EndGlobalSection
	GlobalSection(NestedProjects) = preSolution
		{C160BD48-CBDB-4B14-A199-F9B6D6A8E75A} = {45BC81D6-D05A-4CA3-8812-4E82A0B57665}
		{7D675626-0D12-43D0-B8A5-BD950A1D784E} = {45BC81D6-D05A-4CA3-8812-4E82A0B57665}
		{4BB1D58E-1401-411C-8108-9DB124729481} = {45BC81D6-D05A-4CA3-8812-4E82A0B57665}
		{5A363D39-48AA-4B51-AF92-E0E25D8F53DF} = {45BC81D6-D05A-4CA3-8812-4E82A0B57665}
		{7037633C-E910-43D6-8C44-BD58A0682E7B} = {45BC81D6-D05A-4CA3-8812-4E82A0B57665}
		{64C242F8-15A8-4C94-8D1C-E48B715B13B7} = {45BC81D6-D05A-4CA3-8812-4E82A0B57665}
		{B9719AEC-D53E-43D3-9425-43E7C89616C4} = {45BC81D6-D05A-4CA3-8812-4E82A0B57665}
		{89B97A2A-0BD4-4ABD-8535-2D1F8154C506} = {6B5E5293-B784-4D4D-B7C2-3F2B15EE049F}
		{03D160E3-6A0B-4731-962F-205BDFE628FE} = {6B5E5293-B784-4D4D-B7C2-3F2B15EE049F}
		{561F5B77-6092-4B31-AAF8-11C32EDE4B78} = {6B5E5293-B784-4D4D-B7C2-3F2B15EE049F}
		{E9696A44-4661-4197-9D76-03C56E487570} = {6B5E5293-B784-4D4D-B7C2-3F2B15EE049F}
		{9BDDABC6-797C-4B74-859B-1317B5EECF1E} = {6B5E5293-B784-4D4D-B7C2-3F2B15EE049F}
		{4E38E3B5-F988-4F4A-BCC3-E5C4DD46DA27} = {6B5E5293-B784-4D4D-B7C2-3F2B15EE049F}
		{7ABCDB34-589E-411D-A15D-6BFF4DC4B777} = {6B5E5293-B784-4D4D-B7C2-3F2B15EE049F}
	EndGlobalSection
	GlobalSection(ExtensibilityGlobals) = postSolution
		SolutionGuid = {D675C38E-55C4-4B3F-896E-F787E85C37C3}
	EndGlobalSection
EndGlobal
